
Microsoft Visual Studio Solution File, Format Version 12.00
# Visual Studio Version 17
VisualStudioVersion = 17.0.32112.339
MinimumVisualStudioVersion = 10.0.40219.1
Project("{9A19103F-16F7-4668-BE54-9A1E7A4F7556}") = "SDKSample", "SDKSample\SDKSample.csproj", "{944A62BF-94AD-4A40-9D9D-166FA86EC287}"
EndProject
Project("{FAE04EC0-301F-11D3-BF4B-00C04F79EFBC}") = "FrameworkSample", "FrameworkSample\FrameworkSample.csproj", "{7F98FC59-74E4-4BD3-A775-97C0CBB66243}"
EndProject
Project("{FAE04EC0-301F-11D3-BF4B-00C04F79EFBC}") = "XamTest.UWP", "XamTest\XamTest.UWP\XamTest.UWP.csproj", "{799D5ECE-B984-4CF1-8D82-31CB655FC8EB}"
EndProject
Project("{FAE04EC0-301F-11D3-BF4B-00C04F79EFBC}") = "XamTest.Android", "XamTest\XamTest.Android\XamTest.Android.csproj", "{76146F31-A753-4DDB-BB3A-544D5F353376}"
EndProject
Project("{FAE04EC0-301F-11D3-BF4B-00C04F79EFBC}") = "XamTest.iOS", "XamTest\XamTest.iOS\XamTest.iOS.csproj", "{985F43A2-55B7-4A54-A892-3EFAAB65613A}"
EndProject
Project("{FAE04EC0-301F-11D3-BF4B-00C04F79EFBC}") = "XamTest", "XamTest\XamTest\XamTest.csproj", "{66B78BE3-9350-4910-A30A-AD5D0CCF3366}"
EndProject
Global
	GlobalSection(SolutionConfigurationPlatforms) = preSolution
		Debug|Any CPU = Debug|Any CPU
		Debug|ARM = Debug|ARM
		Debug|iPhone = Debug|iPhone
		Debug|iPhoneSimulator = Debug|iPhoneSimulator
		Debug|x64 = Debug|x64
		Debug|x86 = Debug|x86
		Release|Any CPU = Release|Any CPU
		Release|ARM = Release|ARM
		Release|iPhone = Release|iPhone
		Release|iPhoneSimulator = Release|iPhoneSimulator
		Release|x64 = Release|x64
		Release|x86 = Release|x86
	EndGlobalSection
	GlobalSection(ProjectConfigurationPlatforms) = postSolution
		{944A62BF-94AD-4A40-9D9D-166FA86EC287}.Debug|Any CPU.ActiveCfg = Debug|Any CPU
		{944A62BF-94AD-4A40-9D9D-166FA86EC287}.Debug|Any CPU.Build.0 = Debug|Any CPU
		{944A62BF-94AD-4A40-9D9D-166FA86EC287}.Debug|ARM.ActiveCfg = Debug|Any CPU
		{944A62BF-94AD-4A40-9D9D-166FA86EC287}.Debug|ARM.Build.0 = Debug|Any CPU
		{944A62BF-94AD-4A40-9D9D-166FA86EC287}.Debug|iPhone.ActiveCfg = Debug|Any CPU
		{944A62BF-94AD-4A40-9D9D-166FA86EC287}.Debug|iPhone.Build.0 = Debug|Any CPU
		{944A62BF-94AD-4A40-9D9D-166FA86EC287}.Debug|iPhoneSimulator.ActiveCfg = Debug|Any CPU
		{944A62BF-94AD-4A40-9D9D-166FA86EC287}.Debug|iPhoneSimulator.Build.0 = Debug|Any CPU
		{944A62BF-94AD-4A40-9D9D-166FA86EC287}.Debug|x64.ActiveCfg = Debug|Any CPU
		{944A62BF-94AD-4A40-9D9D-166FA86EC287}.Debug|x64.Build.0 = Debug|Any CPU
		{944A62BF-94AD-4A40-9D9D-166FA86EC287}.Debug|x86.ActiveCfg = Debug|Any CPU
		{944A62BF-94AD-4A40-9D9D-166FA86EC287}.Debug|x86.Build.0 = Debug|Any CPU
		{944A62BF-94AD-4A40-9D9D-166FA86EC287}.Release|Any CPU.ActiveCfg = Release|Any CPU
		{944A62BF-94AD-4A40-9D9D-166FA86EC287}.Release|Any CPU.Build.0 = Release|Any CPU
		{944A62BF-94AD-4A40-9D9D-166FA86EC287}.Release|ARM.ActiveCfg = Release|Any CPU
		{944A62BF-94AD-4A40-9D9D-166FA86EC287}.Release|ARM.Build.0 = Release|Any CPU
		{944A62BF-94AD-4A40-9D9D-166FA86EC287}.Release|iPhone.ActiveCfg = Release|Any CPU
		{944A62BF-94AD-4A40-9D9D-166FA86EC287}.Release|iPhone.Build.0 = Release|Any CPU
		{944A62BF-94AD-4A40-9D9D-166FA86EC287}.Release|iPhoneSimulator.ActiveCfg = Release|Any CPU
		{944A62BF-94AD-4A40-9D9D-166FA86EC287}.Release|iPhoneSimulator.Build.0 = Release|Any CPU
		{944A62BF-94AD-4A40-9D9D-166FA86EC287}.Release|x64.ActiveCfg = Release|Any CPU
		{944A62BF-94AD-4A40-9D9D-166FA86EC287}.Release|x64.Build.0 = Release|Any CPU
		{944A62BF-94AD-4A40-9D9D-166FA86EC287}.Release|x86.ActiveCfg = Release|Any CPU
		{944A62BF-94AD-4A40-9D9D-166FA86EC287}.Release|x86.Build.0 = Release|Any CPU
		{7F98FC59-74E4-4BD3-A775-97C0CBB66243}.Debug|Any CPU.ActiveCfg = Debug|Any CPU
		{7F98FC59-74E4-4BD3-A775-97C0CBB66243}.Debug|Any CPU.Build.0 = Debug|Any CPU
		{7F98FC59-74E4-4BD3-A775-97C0CBB66243}.Debug|ARM.ActiveCfg = Debug|Any CPU
		{7F98FC59-74E4-4BD3-A775-97C0CBB66243}.Debug|ARM.Build.0 = Debug|Any CPU
		{7F98FC59-74E4-4BD3-A775-97C0CBB66243}.Debug|iPhone.ActiveCfg = Debug|Any CPU
		{7F98FC59-74E4-4BD3-A775-97C0CBB66243}.Debug|iPhone.Build.0 = Debug|Any CPU
		{7F98FC59-74E4-4BD3-A775-97C0CBB66243}.Debug|iPhoneSimulator.ActiveCfg = Debug|Any CPU
		{7F98FC59-74E4-4BD3-A775-97C0CBB66243}.Debug|iPhoneSimulator.Build.0 = Debug|Any CPU
		{7F98FC59-74E4-4BD3-A775-97C0CBB66243}.Debug|x64.ActiveCfg = Debug|Any CPU
		{7F98FC59-74E4-4BD3-A775-97C0CBB66243}.Debug|x64.Build.0 = Debug|Any CPU
		{7F98FC59-74E4-4BD3-A775-97C0CBB66243}.Debug|x86.ActiveCfg = Debug|Any CPU
		{7F98FC59-74E4-4BD3-A775-97C0CBB66243}.Debug|x86.Build.0 = Debug|Any CPU
		{7F98FC59-74E4-4BD3-A775-97C0CBB66243}.Release|Any CPU.ActiveCfg = Release|Any CPU
		{7F98FC59-74E4-4BD3-A775-97C0CBB66243}.Release|Any CPU.Build.0 = Release|Any CPU
		{7F98FC59-74E4-4BD3-A775-97C0CBB66243}.Release|ARM.ActiveCfg = Release|Any CPU
		{7F98FC59-74E4-4BD3-A775-97C0CBB66243}.Release|ARM.Build.0 = Release|Any CPU
		{7F98FC59-74E4-4BD3-A775-97C0CBB66243}.Release|iPhone.ActiveCfg = Release|Any CPU
		{7F98FC59-74E4-4BD3-A775-97C0CBB66243}.Release|iPhone.Build.0 = Release|Any CPU
		{7F98FC59-74E4-4BD3-A775-97C0CBB66243}.Release|iPhoneSimulator.ActiveCfg = Release|Any CPU
		{7F98FC59-74E4-4BD3-A775-97C0CBB66243}.Release|iPhoneSimulator.Build.0 = Release|Any CPU
		{7F98FC59-74E4-4BD3-A775-97C0CBB66243}.Release|x64.ActiveCfg = Release|Any CPU
		{7F98FC59-74E4-4BD3-A775-97C0CBB66243}.Release|x64.Build.0 = Release|Any CPU
		{7F98FC59-74E4-4BD3-A775-97C0CBB66243}.Release|x86.ActiveCfg = Release|Any CPU
		{7F98FC59-74E4-4BD3-A775-97C0CBB66243}.Release|x86.Build.0 = Release|Any CPU
		{799D5ECE-B984-4CF1-8D82-31CB655FC8EB}.Debug|Any CPU.ActiveCfg = Debug|x64
		{799D5ECE-B984-4CF1-8D82-31CB655FC8EB}.Debug|Any CPU.Build.0 = Debug|x64
		{799D5ECE-B984-4CF1-8D82-31CB655FC8EB}.Debug|Any CPU.Deploy.0 = Debug|x64
		{799D5ECE-B984-4CF1-8D82-31CB655FC8EB}.Debug|ARM.ActiveCfg = Debug|ARM
		{799D5ECE-B984-4CF1-8D82-31CB655FC8EB}.Debug|ARM.Build.0 = Debug|ARM
		{799D5ECE-B984-4CF1-8D82-31CB655FC8EB}.Debug|ARM.Deploy.0 = Debug|ARM
		{799D5ECE-B984-4CF1-8D82-31CB655FC8EB}.Debug|iPhone.ActiveCfg = Debug|x64
		{799D5ECE-B984-4CF1-8D82-31CB655FC8EB}.Debug|iPhone.Build.0 = Debug|x64
		{799D5ECE-B984-4CF1-8D82-31CB655FC8EB}.Debug|iPhone.Deploy.0 = Debug|x64
		{799D5ECE-B984-4CF1-8D82-31CB655FC8EB}.Debug|iPhoneSimulator.ActiveCfg = Debug|x64
		{799D5ECE-B984-4CF1-8D82-31CB655FC8EB}.Debug|iPhoneSimulator.Build.0 = Debug|x64
		{799D5ECE-B984-4CF1-8D82-31CB655FC8EB}.Debug|iPhoneSimulator.Deploy.0 = Debug|x64
		{799D5ECE-B984-4CF1-8D82-31CB655FC8EB}.Debug|x64.ActiveCfg = Debug|x64
		{799D5ECE-B984-4CF1-8D82-31CB655FC8EB}.Debug|x64.Build.0 = Debug|x64
		{799D5ECE-B984-4CF1-8D82-31CB655FC8EB}.Debug|x64.Deploy.0 = Debug|x64
		{799D5ECE-B984-4CF1-8D82-31CB655FC8EB}.Debug|x86.ActiveCfg = Debug|x86
		{799D5ECE-B984-4CF1-8D82-31CB655FC8EB}.Debug|x86.Build.0 = Debug|x86
		{799D5ECE-B984-4CF1-8D82-31CB655FC8EB}.Debug|x86.Deploy.0 = Debug|x86
		{799D5ECE-B984-4CF1-8D82-31CB655FC8EB}.Release|Any CPU.ActiveCfg = Release|x64
		{799D5ECE-B984-4CF1-8D82-31CB655FC8EB}.Release|Any CPU.Build.0 = Release|x64
		{799D5ECE-B984-4CF1-8D82-31CB655FC8EB}.Release|Any CPU.Deploy.0 = Release|x64
		{799D5ECE-B984-4CF1-8D82-31CB655FC8EB}.Release|ARM.ActiveCfg = Release|ARM
		{799D5ECE-B984-4CF1-8D82-31CB655FC8EB}.Release|ARM.Build.0 = Release|ARM
		{799D5ECE-B984-4CF1-8D82-31CB655FC8EB}.Release|ARM.Deploy.0 = Release|ARM
		{799D5ECE-B984-4CF1-8D82-31CB655FC8EB}.Release|iPhone.ActiveCfg = Release|x64
		{799D5ECE-B984-4CF1-8D82-31CB655FC8EB}.Release|iPhone.Build.0 = Release|x64
		{799D5ECE-B984-4CF1-8D82-31CB655FC8EB}.Release|iPhone.Deploy.0 = Release|x64
		{799D5ECE-B984-4CF1-8D82-31CB655FC8EB}.Release|iPhoneSimulator.ActiveCfg = Release|x64
		{799D5ECE-B984-4CF1-8D82-31CB655FC8EB}.Release|iPhoneSimulator.Build.0 = Release|x64
		{799D5ECE-B984-4CF1-8D82-31CB655FC8EB}.Release|iPhoneSimulator.Deploy.0 = Release|x64
		{799D5ECE-B984-4CF1-8D82-31CB655FC8EB}.Release|x64.ActiveCfg = Release|x64
		{799D5ECE-B984-4CF1-8D82-31CB655FC8EB}.Release|x64.Build.0 = Release|x64
		{799D5ECE-B984-4CF1-8D82-31CB655FC8EB}.Release|x64.Deploy.0 = Release|x64
		{799D5ECE-B984-4CF1-8D82-31CB655FC8EB}.Release|x86.ActiveCfg = Release|x86
		{799D5ECE-B984-4CF1-8D82-31CB655FC8EB}.Release|x86.Build.0 = Release|x86
		{799D5ECE-B984-4CF1-8D82-31CB655FC8EB}.Release|x86.Deploy.0 = Release|x86
		{76146F31-A753-4DDB-BB3A-544D5F353376}.Debug|Any CPU.ActiveCfg = Debug|Any CPU
		{76146F31-A753-4DDB-BB3A-544D5F353376}.Debug|Any CPU.Build.0 = Debug|Any CPU
		{76146F31-A753-4DDB-BB3A-544D5F353376}.Debug|Any CPU.Deploy.0 = Debug|Any CPU
		{76146F31-A753-4DDB-BB3A-544D5F353376}.Debug|ARM.ActiveCfg = Debug|Any CPU
		{76146F31-A753-4DDB-BB3A-544D5F353376}.Debug|ARM.Build.0 = Debug|Any CPU
		{76146F31-A753-4DDB-BB3A-544D5F353376}.Debug|ARM.Deploy.0 = Debug|Any CPU
		{76146F31-A753-4DDB-BB3A-544D5F353376}.Debug|iPhone.ActiveCfg = Debug|Any CPU
		{76146F31-A753-4DDB-BB3A-544D5F353376}.Debug|iPhone.Build.0 = Debug|Any CPU
		{76146F31-A753-4DDB-BB3A-544D5F353376}.Debug|iPhone.Deploy.0 = Debug|Any CPU
		{76146F31-A753-4DDB-BB3A-544D5F353376}.Debug|iPhoneSimulator.ActiveCfg = Debug|Any CPU
		{76146F31-A753-4DDB-BB3A-544D5F353376}.Debug|iPhoneSimulator.Build.0 = Debug|Any CPU
		{76146F31-A753-4DDB-BB3A-544D5F353376}.Debug|iPhoneSimulator.Deploy.0 = Debug|Any CPU
		{76146F31-A753-4DDB-BB3A-544D5F353376}.Debug|x64.ActiveCfg = Debug|Any CPU
		{76146F31-A753-4DDB-BB3A-544D5F353376}.Debug|x64.Build.0 = Debug|Any CPU
		{76146F31-A753-4DDB-BB3A-544D5F353376}.Debug|x64.Deploy.0 = Debug|Any CPU
		{76146F31-A753-4DDB-BB3A-544D5F353376}.Debug|x86.ActiveCfg = Debug|Any CPU
		{76146F31-A753-4DDB-BB3A-544D5F353376}.Debug|x86.Build.0 = Debug|Any CPU
		{76146F31-A753-4DDB-BB3A-544D5F353376}.Debug|x86.Deploy.0 = Debug|Any CPU
		{76146F31-A753-4DDB-BB3A-544D5F353376}.Release|Any CPU.ActiveCfg = Release|Any CPU
		{76146F31-A753-4DDB-BB3A-544D5F353376}.Release|Any CPU.Build.0 = Release|Any CPU
		{76146F31-A753-4DDB-BB3A-544D5F353376}.Release|Any CPU.Deploy.0 = Release|Any CPU
		{76146F31-A753-4DDB-BB3A-544D5F353376}.Release|ARM.ActiveCfg = Release|Any CPU
		{76146F31-A753-4DDB-BB3A-544D5F353376}.Release|ARM.Build.0 = Release|Any CPU
		{76146F31-A753-4DDB-BB3A-544D5F353376}.Release|ARM.Deploy.0 = Release|Any CPU
		{76146F31-A753-4DDB-BB3A-544D5F353376}.Release|iPhone.ActiveCfg = Release|Any CPU
		{76146F31-A753-4DDB-BB3A-544D5F353376}.Release|iPhone.Build.0 = Release|Any CPU
		{76146F31-A753-4DDB-BB3A-544D5F353376}.Release|iPhone.Deploy.0 = Release|Any CPU
		{76146F31-A753-4DDB-BB3A-544D5F353376}.Release|iPhoneSimulator.ActiveCfg = Release|Any CPU
		{76146F31-A753-4DDB-BB3A-544D5F353376}.Release|iPhoneSimulator.Build.0 = Release|Any CPU
		{76146F31-A753-4DDB-BB3A-544D5F353376}.Release|iPhoneSimulator.Deploy.0 = Release|Any CPU
		{76146F31-A753-4DDB-BB3A-544D5F353376}.Release|x64.ActiveCfg = Release|Any CPU
		{76146F31-A753-4DDB-BB3A-544D5F353376}.Release|x64.Build.0 = Release|Any CPU
		{76146F31-A753-4DDB-BB3A-544D5F353376}.Release|x64.Deploy.0 = Release|Any CPU
		{76146F31-A753-4DDB-BB3A-544D5F353376}.Release|x86.ActiveCfg = Release|Any CPU
		{76146F31-A753-4DDB-BB3A-544D5F353376}.Release|x86.Build.0 = Release|Any CPU
		{76146F31-A753-4DDB-BB3A-544D5F353376}.Release|x86.Deploy.0 = Release|Any CPU
		{985F43A2-55B7-4A54-A892-3EFAAB65613A}.Debug|Any CPU.ActiveCfg = Debug|iPhoneSimulator
		{985F43A2-55B7-4A54-A892-3EFAAB65613A}.Debug|Any CPU.Build.0 = Debug|iPhoneSimulator
		{985F43A2-55B7-4A54-A892-3EFAAB65613A}.Debug|ARM.ActiveCfg = Debug|iPhoneSimulator
		{985F43A2-55B7-4A54-A892-3EFAAB65613A}.Debug|ARM.Build.0 = Debug|iPhoneSimulator
		{985F43A2-55B7-4A54-A892-3EFAAB65613A}.Debug|iPhone.ActiveCfg = Debug|iPhone
		{985F43A2-55B7-4A54-A892-3EFAAB65613A}.Debug|iPhone.Build.0 = Debug|iPhone
		{985F43A2-55B7-4A54-A892-3EFAAB65613A}.Debug|iPhoneSimulator.ActiveCfg = Debug|iPhoneSimulator
		{985F43A2-55B7-4A54-A892-3EFAAB65613A}.Debug|iPhoneSimulator.Build.0 = Debug|iPhoneSimulator
		{985F43A2-55B7-4A54-A892-3EFAAB65613A}.Debug|x64.ActiveCfg = Debug|iPhoneSimulator
		{985F43A2-55B7-4A54-A892-3EFAAB65613A}.Debug|x64.Build.0 = Debug|iPhoneSimulator
		{985F43A2-55B7-4A54-A892-3EFAAB65613A}.Debug|x86.ActiveCfg = Debug|iPhoneSimulator
		{985F43A2-55B7-4A54-A892-3EFAAB65613A}.Debug|x86.Build.0 = Debug|iPhoneSimulator
		{985F43A2-55B7-4A54-A892-3EFAAB65613A}.Release|Any CPU.ActiveCfg = Release|iPhoneSimulator
		{985F43A2-55B7-4A54-A892-3EFAAB65613A}.Release|Any CPU.Build.0 = Release|iPhoneSimulator
		{985F43A2-55B7-4A54-A892-3EFAAB65613A}.Release|ARM.ActiveCfg = Release|iPhoneSimulator
		{985F43A2-55B7-4A54-A892-3EFAAB65613A}.Release|ARM.Build.0 = Release|iPhoneSimulator
		{985F43A2-55B7-4A54-A892-3EFAAB65613A}.Release|iPhone.ActiveCfg = Release|iPhone
		{985F43A2-55B7-4A54-A892-3EFAAB65613A}.Release|iPhone.Build.0 = Release|iPhone
		{985F43A2-55B7-4A54-A892-3EFAAB65613A}.Release|iPhoneSimulator.ActiveCfg = Release|iPhoneSimulator
		{985F43A2-55B7-4A54-A892-3EFAAB65613A}.Release|iPhoneSimulator.Build.0 = Release|iPhoneSimulator
		{985F43A2-55B7-4A54-A892-3EFAAB65613A}.Release|x64.ActiveCfg = Release|iPhoneSimulator
		{985F43A2-55B7-4A54-A892-3EFAAB65613A}.Release|x64.Build.0 = Release|iPhoneSimulator
		{985F43A2-55B7-4A54-A892-3EFAAB65613A}.Release|x86.ActiveCfg = Release|iPhoneSimulator
		{985F43A2-55B7-4A54-A892-3EFAAB65613A}.Release|x86.Build.0 = Release|iPhoneSimulator
		{66B78BE3-9350-4910-A30A-AD5D0CCF3366}.Debug|Any CPU.ActiveCfg = Debug|Any CPU
		{66B78BE3-9350-4910-A30A-AD5D0CCF3366}.Debug|Any CPU.Build.0 = Debug|Any CPU
		{66B78BE3-9350-4910-A30A-AD5D0CCF3366}.Debug|ARM.ActiveCfg = Debug|Any CPU
		{66B78BE3-9350-4910-A30A-AD5D0CCF3366}.Debug|ARM.Build.0 = Debug|Any CPU
		{66B78BE3-9350-4910-A30A-AD5D0CCF3366}.Debug|iPhone.ActiveCfg = Debug|Any CPU
		{66B78BE3-9350-4910-A30A-AD5D0CCF3366}.Debug|iPhone.Build.0 = Debug|Any CPU
		{66B78BE3-9350-4910-A30A-AD5D0CCF3366}.Debug|iPhoneSimulator.ActiveCfg = Debug|Any CPU
		{66B78BE3-9350-4910-A30A-AD5D0CCF3366}.Debug|iPhoneSimulator.Build.0 = Debug|Any CPU
		{66B78BE3-9350-4910-A30A-AD5D0CCF3366}.Debug|x64.ActiveCfg = Debug|Any CPU
		{66B78BE3-9350-4910-A30A-AD5D0CCF3366}.Debug|x64.Build.0 = Debug|Any CPU
		{66B78BE3-9350-4910-A30A-AD5D0CCF3366}.Debug|x86.ActiveCfg = Debug|Any CPU
		{66B78BE3-9350-4910-A30A-AD5D0CCF3366}.Debug|x86.Build.0 = Debug|Any CPU
		{66B78BE3-9350-4910-A30A-AD5D0CCF3366}.Release|Any CPU.ActiveCfg = Release|Any CPU
		{66B78BE3-9350-4910-A30A-AD5D0CCF3366}.Release|Any CPU.Build.0 = Release|Any CPU
		{66B78BE3-9350-4910-A30A-AD5D0CCF3366}.Release|ARM.ActiveCfg = Release|Any CPU
		{66B78BE3-9350-4910-A30A-AD5D0CCF3366}.Release|ARM.Build.0 = Release|Any CPU
		{66B78BE3-9350-4910-A30A-AD5D0CCF3366}.Release|iPhone.ActiveCfg = Release|Any CPU
		{66B78BE3-9350-4910-A30A-AD5D0CCF3366}.Release|iPhone.Build.0 = Release|Any CPU
		{66B78BE3-9350-4910-A30A-AD5D0CCF3366}.Release|iPhoneSimulator.ActiveCfg = Release|Any CPU
		{66B78BE3-9350-4910-A30A-AD5D0CCF3366}.Release|iPhoneSimulator.Build.0 = Release|Any CPU
		{66B78BE3-9350-4910-A30A-AD5D0CCF3366}.Release|x64.ActiveCfg = Release|Any CPU
		{66B78BE3-9350-4910-A30A-AD5D0CCF3366}.Release|x64.Build.0 = Release|Any CPU
		{66B78BE3-9350-4910-A30A-AD5D0CCF3366}.Release|x86.ActiveCfg = Release|Any CPU
		{66B78BE3-9350-4910-A30A-AD5D0CCF3366}.Release|x86.Build.0 = Release|Any CPU
	EndGlobalSection
	GlobalSection(SolutionProperties) = preSolution
		HideSolutionNode = FALSE
	EndGlobalSection
	GlobalSection(ExtensibilityGlobals) = postSolution
		SolutionGuid = {C82A560A-F4A6-4120-8BA9-CC47B78ECC6A}
	EndGlobalSection
EndGlobal
