
Microsoft Visual Studio Solution File, Format Version 12.00
# Visual Studio Version 17
VisualStudioVersion = 17.0.32112.339
MinimumVisualStudioVersion = 10.0.40219.1
Project("{9A19103F-16F7-4668-BE54-9A1E7A4F7556}") = "SDKSample", "SDKSample\SDKSample.csproj", "{944A62BF-94AD-4A40-9D9D-166FA86EC287}"
EndProject
Project("{FAE04EC0-301F-11D3-BF4B-00C04F79EFBC}") = "FrameworkSample", "FrameworkSample\FrameworkSample.csproj", "{7F98FC59-74E4-4BD3-A775-97C0CBB66243}"
EndProject
Global
	GlobalSection(SolutionConfigurationPlatforms) = preSolution
		Debug|Any CPU = Debug|Any CPU
		Release|Any CPU = Release|Any CPU
	EndGlobalSection
	GlobalSection(ProjectConfigurationPlatforms) = postSolution
		{944A62BF-94AD-4A40-9D9D-166FA86EC287}.Debug|Any CPU.ActiveCfg = Debug|Any CPU
		{944A62BF-94AD-4A40-9D9D-166FA86EC287}.Debug|Any CPU.Build.0 = Debug|Any CPU
		{944A62BF-94AD-4A40-9D9D-166FA86EC287}.Release|Any CPU.ActiveCfg = Release|Any CPU
		{944A62BF-94AD-4A40-9D9D-166FA86EC287}.Release|Any CPU.Build.0 = Release|Any CPU
		{7F98FC59-74E4-4BD3-A775-97C0CBB66243}.Debug|Any CPU.ActiveCfg = Debug|Any CPU
		{7F98FC59-74E4-4BD3-A775-97C0CBB66243}.Debug|Any CPU.Build.0 = Debug|Any CPU
		{7F98FC59-74E4-4BD3-A775-97C0CBB66243}.Release|Any CPU.ActiveCfg = Release|Any CPU
		{7F98FC59-74E4-4BD3-A775-97C0CBB66243}.Release|Any CPU.Build.0 = Release|Any CPU
	EndGlobalSection
	GlobalSection(SolutionProperties) = preSolution
		HideSolutionNode = FALSE
	EndGlobalSection
	GlobalSection(ExtensibilityGlobals) = postSolution
		SolutionGuid = {C82A560A-F4A6-4120-8BA9-CC47B78ECC6A}
	EndGlobalSection
EndGlobal
